
Microsoft Visual Studio Solution File, Format Version 12.00
# Visual Studio 15
VisualStudioVersion = 15.0.27130.2036
MinimumVisualStudioVersion = 10.0.40219.1
Project("{FAE04EC0-301F-11D3-BF4B-00C04F79EFBC}") = "mantis-tests", "mantis-tests\mantis-tests.csproj", "{758534F3-06EF-49FB-BDA1-69541BA484E0}"
EndProject
Global
	GlobalSection(SolutionConfigurationPlatforms) = preSolution
		Debug|Any CPU = Debug|Any CPU
		Release|Any CPU = Release|Any CPU
	EndGlobalSection
	GlobalSection(ProjectConfigurationPlatforms) = postSolution
		{758534F3-06EF-49FB-BDA1-69541BA484E0}.Debug|Any CPU.ActiveCfg = Debug|Any CPU
		{758534F3-06EF-49FB-BDA1-69541BA484E0}.Debug|Any CPU.Build.0 = Debug|Any CPU
		{758534F3-06EF-49FB-BDA1-69541BA484E0}.Release|Any CPU.ActiveCfg = Release|Any CPU
		{758534F3-06EF-49FB-BDA1-69541BA484E0}.Release|Any CPU.Build.0 = Release|Any CPU
	EndGlobalSection
	GlobalSection(SolutionProperties) = preSolution
		HideSolutionNode = FALSE
	EndGlobalSection
	GlobalSection(ExtensibilityGlobals) = postSolution
		SolutionGuid = {A528CD14-4795-4FB4-963B-5FFE4CCB4968}
	EndGlobalSection
EndGlobal
